
Microsoft Visual Studio Solution File, Format Version 12.00
# Visual Studio Version 16
VisualStudioVersion = 16.0.31424.327
MinimumVisualStudioVersion = 10.0.40219.1
Project("{FAE04EC0-301F-11D3-BF4B-00C04F79EFBC}") = "Opacidad", "Opacidad\Opacidad.csproj", "{0AFE611B-0225-4B7D-A860-4DBB8F78DF13}"
EndProject
Global
	GlobalSection(SolutionConfigurationPlatforms) = preSolution
		Debug|Any CPU = Debug|Any CPU
		Release|Any CPU = Release|Any CPU
	EndGlobalSection
	GlobalSection(ProjectConfigurationPlatforms) = postSolution
		{0AFE611B-0225-4B7D-A860-4DBB8F78DF13}.Debug|Any CPU.ActiveCfg = Debug|Any CPU
		{0AFE611B-0225-4B7D-A860-4DBB8F78DF13}.Debug|Any CPU.Build.0 = Debug|Any CPU
		{0AFE611B-0225-4B7D-A860-4DBB8F78DF13}.Release|Any CPU.ActiveCfg = Release|Any CPU
		{0AFE611B-0225-4B7D-A860-4DBB8F78DF13}.Release|Any CPU.Build.0 = Release|Any CPU
	EndGlobalSection
	GlobalSection(SolutionProperties) = preSolution
		HideSolutionNode = FALSE
	EndGlobalSection
	GlobalSection(ExtensibilityGlobals) = postSolution
		SolutionGuid = {CB1F979D-48D2-4561-BE8A-29F2C05E746F}
	EndGlobalSection
EndGlobal
